
Microsoft Visual Studio Solution File, Format Version 12.00
# Visual Studio Version 17
VisualStudioVersion = 17.10.34916.146
MinimumVisualStudioVersion = 10.0.40219.1
Project("{FAE04EC0-301F-11D3-BF4B-00C04F79EFBC}") = "NyDatingApp1", "NyDatingApp1\NyDatingApp1.csproj", "{9252F11E-0B5C-4BA4-AE29-BD4C83AFE5D2}"
EndProject
Global
	GlobalSection(SolutionConfigurationPlatforms) = preSolution
		Debug|Any CPU = Debug|Any CPU
		Release|Any CPU = Release|Any CPU
	EndGlobalSection
	GlobalSection(ProjectConfigurationPlatforms) = postSolution
		{9252F11E-0B5C-4BA4-AE29-BD4C83AFE5D2}.Debug|Any CPU.ActiveCfg = Debug|Any CPU
		{9252F11E-0B5C-4BA4-AE29-BD4C83AFE5D2}.Debug|Any CPU.Build.0 = Debug|Any CPU
		{9252F11E-0B5C-4BA4-AE29-BD4C83AFE5D2}.Release|Any CPU.ActiveCfg = Release|Any CPU
		{9252F11E-0B5C-4BA4-AE29-BD4C83AFE5D2}.Release|Any CPU.Build.0 = Release|Any CPU
	EndGlobalSection
	GlobalSection(SolutionProperties) = preSolution
		HideSolutionNode = FALSE
	EndGlobalSection
	GlobalSection(ExtensibilityGlobals) = postSolution
		SolutionGuid = {7D672498-EC05-4E97-AFE9-0D613926FA97}
	EndGlobalSection
EndGlobal
